{
  "name": "WAD-2---PROJECT",
  "lockfileVersion": 2,
  "requires": true,
  "packages": {
    "": {
      "dependencies": {
        "@fortawesome/fontawesome-svg-core": "^6.2.0",
        "@fortawesome/free-brands-svg-icons": "^6.2.0",
        "@fortawesome/free-regular-svg-icons": "^6.2.0",
        "@fortawesome/free-solid-svg-icons": "^6.2.0",
        "@fortawesome/vue-fontawesome": "^2.0.8"
      },
      "devDependencies": {
        "@fortawesome/fontawesome-free": "^6.2.0"
      }
    },
    "node_modules/@babel/parser": {
      "version": "7.19.4",
      "resolved": "https://registry.npmjs.org/@babel/parser/-/parser-7.19.4.tgz",
      "integrity": "sha512-qpVT7gtuOLjWeDTKLkJ6sryqLliBaFpAtGeqw5cs5giLldvh+Ch0plqnUMKoVAUS6ZEueQQiZV+p5pxtPitEsA==",
      "peer": true,
      "bin": {
        "parser": "bin/babel-parser.js"
      },
      "engines": {
        "node": ">=6.0.0"
      }
    },
    "node_modules/@fortawesome/fontawesome-common-types": {
      "version": "6.2.0",
      "resolved": "https://registry.npmjs.org/@fortawesome/fontawesome-common-types/-/fontawesome-common-types-6.2.0.tgz",
      "integrity": "sha512-rBevIsj2nclStJ7AxTdfsa3ovHb1H+qApwrxcTVo+NNdeJiB9V75hsKfrkG5AwNcRUNxrPPiScGYCNmLMoh8pg==",
      "hasInstallScript": true,
      "engines": {
        "node": ">=6"
      }
    },
    "node_modules/@fortawesome/fontawesome-free": {
      "version": "6.2.0",
      "resolved": "https://registry.npmjs.org/@fortawesome/fontawesome-free/-/fontawesome-free-6.2.0.tgz",
      "integrity": "sha512-CNR7qRIfCwWHNN7FnKUniva94edPdyQzil/zCwk3v6k4R6rR2Fr8i4s3PM7n/lyfPA6Zfko9z5WDzFxG9SW1uQ==",
      "dev": true,
      "hasInstallScript": true,
      "engines": {
        "node": ">=6"
      }
    },
    "node_modules/@fortawesome/fontawesome-svg-core": {
      "version": "6.2.0",
      "resolved": "https://registry.npmjs.org/@fortawesome/fontawesome-svg-core/-/fontawesome-svg-core-6.2.0.tgz",
      "integrity": "sha512-Cf2mAAeMWFMzpLC7Y9H1I4o3wEU+XovVJhTiNG8ZNgSQj53yl7OCJaS80K4YjrABWZzbAHVaoHE1dVJ27AAYXw==",
      "hasInstallScript": true,
      "dependencies": {
        "@fortawesome/fontawesome-common-types": "6.2.0"
      },
      "engines": {
        "node": ">=6"
      }
    },
    "node_modules/@fortawesome/free-brands-svg-icons": {
      "version": "6.2.0",
      "resolved": "https://registry.npmjs.org/@fortawesome/free-brands-svg-icons/-/free-brands-svg-icons-6.2.0.tgz",
      "integrity": "sha512-fm1y4NyZ2qKYNmYhdMz9VAWRw1Et7PMHNunSw3W0SVAwKwv6o0qiJworLH3Y9SnmhHzAymXJwCX1op22FFvGiA==",
      "hasInstallScript": true,
      "dependencies": {
        "@fortawesome/fontawesome-common-types": "6.2.0"
      },
      "engines": {
        "node": ">=6"
      }
    },
    "node_modules/@fortawesome/free-regular-svg-icons": {
      "version": "6.2.0",
      "resolved": "https://registry.npmjs.org/@fortawesome/free-regular-svg-icons/-/free-regular-svg-icons-6.2.0.tgz",
      "integrity": "sha512-M1dG+PAmkYMTL9BSUHFXY5oaHwBYfHCPhbJ8qj8JELsc9XCrUJ6eEHWip4q0tE+h9C0DVyFkwIM9t7QYyCpprQ==",
      "hasInstallScript": true,
      "dependencies": {
        "@fortawesome/fontawesome-common-types": "6.2.0"
      },
      "engines": {
        "node": ">=6"
      }
    },
    "node_modules/@fortawesome/free-solid-svg-icons": {
      "version": "6.2.0",
      "resolved": "https://registry.npmjs.org/@fortawesome/free-solid-svg-icons/-/free-solid-svg-icons-6.2.0.tgz",
      "integrity": "sha512-UjCILHIQ4I8cN46EiQn0CZL/h8AwCGgR//1c4R96Q5viSRwuKVo0NdQEc4bm+69ZwC0dUvjbDqAHF1RR5FA3XA==",
      "hasInstallScript": true,
      "dependencies": {
        "@fortawesome/fontawesome-common-types": "6.2.0"
      },
      "engines": {
        "node": ">=6"
      }
    },
    "node_modules/@fortawesome/vue-fontawesome": {
      "version": "2.0.8",
      "resolved": "https://registry.npmjs.org/@fortawesome/vue-fontawesome/-/vue-fontawesome-2.0.8.tgz",
      "integrity": "sha512-SRmP0q9Ox4zq8ydDR/hrH+23TVU1bdwYVnugLVaAIwklOHbf56gx6JUGlwES7zjuNYqzKgl8e39iYf6ph8qSQw==",
      "peerDependencies": {
        "@fortawesome/fontawesome-svg-core": "~1 || ~6",
        "vue": "~2"
      }
    },
    "node_modules/@vue/compiler-sfc": {
      "version": "2.7.11",
      "resolved": "https://registry.npmjs.org/@vue/compiler-sfc/-/compiler-sfc-2.7.11.tgz",
      "integrity": "sha512-Cf8zvrZWjROgd8yPL8Tc+O3q/Y8ZGM0Y+8blrAvj1RQsVouzUY0oHcx8BA7Hybhb90JRnzeApFrlQGZRUdYpRw==",
      "peer": true,
      "dependencies": {
        "@babel/parser": "^7.18.4",
        "postcss": "^8.4.14",
        "source-map": "^0.6.1"
      }
    },
    "node_modules/csstype": {
      "version": "3.1.1",
      "resolved": "https://registry.npmjs.org/csstype/-/csstype-3.1.1.tgz",
      "integrity": "sha512-DJR/VvkAvSZW9bTouZue2sSxDwdTN92uHjqeKVm+0dAqdfNykRzQ95tay8aXMBAAPpUiq4Qcug2L7neoRh2Egw==",
      "peer": true
    },
    "node_modules/nanoid": {
      "version": "3.3.4",
      "resolved": "https://registry.npmjs.org/nanoid/-/nanoid-3.3.4.tgz",
      "integrity": "sha512-MqBkQh/OHTS2egovRtLk45wEyNXwF+cokD+1YPf9u5VfJiRdAiRwB2froX5Co9Rh20xs4siNPm8naNotSD6RBw==",
      "peer": true,
      "bin": {
        "nanoid": "bin/nanoid.cjs"
      },
      "engines": {
        "node": "^10 || ^12 || ^13.7 || ^14 || >=15.0.1"
      }
    },
    "node_modules/picocolors": {
      "version": "1.0.0",
      "resolved": "https://registry.npmjs.org/picocolors/-/picocolors-1.0.0.tgz",
      "integrity": "sha512-1fygroTLlHu66zi26VoTDv8yRgm0Fccecssto+MhsZ0D/DGW2sm8E8AjW7NU5VVTRt5GxbeZ5qBuJr+HyLYkjQ==",
      "peer": true
    },
    "node_modules/postcss": {
      "version": "8.4.17",
      "resolved": "https://registry.npmjs.org/postcss/-/postcss-8.4.17.tgz",
      "integrity": "sha512-UNxNOLQydcOFi41yHNMcKRZ39NeXlr8AxGuZJsdub8vIb12fHzcq37DTU/QtbI6WLxNg2gF9Z+8qtRwTj1UI1Q==",
      "funding": [
        {
          "type": "opencollective",
          "url": "https://opencollective.com/postcss/"
        },
        {
          "type": "tidelift",
          "url": "https://tidelift.com/funding/github/npm/postcss"
        }
      ],
      "peer": true,
      "dependencies": {
        "nanoid": "^3.3.4",
        "picocolors": "^1.0.0",
        "source-map-js": "^1.0.2"
      },
      "engines": {
        "node": "^10 || ^12 || >=14"
      }
    },
    "node_modules/source-map": {
      "version": "0.6.1",
      "resolved": "https://registry.npmjs.org/source-map/-/source-map-0.6.1.tgz",
      "integrity": "sha512-UjgapumWlbMhkBgzT7Ykc5YXUT46F0iKu8SGXq0bcwP5dz/h0Plj6enJqjz1Zbq2l5WaqYnrVbwWOWMyF3F47g==",
      "peer": true,
      "engines": {
        "node": ">=0.10.0"
      }
    },
    "node_modules/source-map-js": {
      "version": "1.0.2",
      "resolved": "https://registry.npmjs.org/source-map-js/-/source-map-js-1.0.2.tgz",
      "integrity": "sha512-R0XvVJ9WusLiqTCEiGCmICCMplcCkIwwR11mOSD9CR5u+IXYdiseeEuXCVAjS54zqwkLcPNnmU4OeJ6tUrWhDw==",
      "peer": true,
      "engines": {
        "node": ">=0.10.0"
      }
    },
    "node_modules/vue": {
      "version": "2.7.11",
      "resolved": "https://registry.npmjs.org/vue/-/vue-2.7.11.tgz",
      "integrity": "sha512-VPAW5QelT7Tx6UoSw/cwx/jDROOKAK1y/Q0o7HkmVJ1WAypE7w1+UoFa+KsGxy1aYdHPU1oODB3vR6XwSfVhDg==",
      "peer": true,
      "dependencies": {
        "@vue/compiler-sfc": "2.7.11",
        "csstype": "^3.1.0"
      }
    }
  },
  "dependencies": {
    "@babel/parser": {
      "version": "7.19.4",
      "resolved": "https://registry.npmjs.org/@babel/parser/-/parser-7.19.4.tgz",
      "integrity": "sha512-qpVT7gtuOLjWeDTKLkJ6sryqLliBaFpAtGeqw5cs5giLldvh+Ch0plqnUMKoVAUS6ZEueQQiZV+p5pxtPitEsA==",
      "peer": true
    },
    "@fortawesome/fontawesome-common-types": {
      "version": "6.2.0",
      "resolved": "https://registry.npmjs.org/@fortawesome/fontawesome-common-types/-/fontawesome-common-types-6.2.0.tgz",
      "integrity": "sha512-rBevIsj2nclStJ7AxTdfsa3ovHb1H+qApwrxcTVo+NNdeJiB9V75hsKfrkG5AwNcRUNxrPPiScGYCNmLMoh8pg=="
    },
    "@fortawesome/fontawesome-free": {
      "version": "6.2.0",
      "resolved": "https://registry.npmjs.org/@fortawesome/fontawesome-free/-/fontawesome-free-6.2.0.tgz",
      "integrity": "sha512-CNR7qRIfCwWHNN7FnKUniva94edPdyQzil/zCwk3v6k4R6rR2Fr8i4s3PM7n/lyfPA6Zfko9z5WDzFxG9SW1uQ==",
      "dev": true
    },
    "@fortawesome/fontawesome-svg-core": {
      "version": "6.2.0",
      "resolved": "https://registry.npmjs.org/@fortawesome/fontawesome-svg-core/-/fontawesome-svg-core-6.2.0.tgz",
      "integrity": "sha512-Cf2mAAeMWFMzpLC7Y9H1I4o3wEU+XovVJhTiNG8ZNgSQj53yl7OCJaS80K4YjrABWZzbAHVaoHE1dVJ27AAYXw==",
      "requires": {
        "@fortawesome/fontawesome-common-types": "6.2.0"
      }
    },
    "@fortawesome/free-brands-svg-icons": {
      "version": "6.2.0",
      "resolved": "https://registry.npmjs.org/@fortawesome/free-brands-svg-icons/-/free-brands-svg-icons-6.2.0.tgz",
      "integrity": "sha512-fm1y4NyZ2qKYNmYhdMz9VAWRw1Et7PMHNunSw3W0SVAwKwv6o0qiJworLH3Y9SnmhHzAymXJwCX1op22FFvGiA==",
      "requires": {
        "@fortawesome/fontawesome-common-types": "6.2.0"
      }
    },
    "@fortawesome/free-regular-svg-icons": {
      "version": "6.2.0",
      "resolved": "https://registry.npmjs.org/@fortawesome/free-regular-svg-icons/-/free-regular-svg-icons-6.2.0.tgz",
      "integrity": "sha512-M1dG+PAmkYMTL9BSUHFXY5oaHwBYfHCPhbJ8qj8JELsc9XCrUJ6eEHWip4q0tE+h9C0DVyFkwIM9t7QYyCpprQ==",
      "requires": {
        "@fortawesome/fontawesome-common-types": "6.2.0"
      }
    },
    "@fortawesome/free-solid-svg-icons": {
      "version": "6.2.0",
      "resolved": "https://registry.npmjs.org/@fortawesome/free-solid-svg-icons/-/free-solid-svg-icons-6.2.0.tgz",
      "integrity": "sha512-UjCILHIQ4I8cN46EiQn0CZL/h8AwCGgR//1c4R96Q5viSRwuKVo0NdQEc4bm+69ZwC0dUvjbDqAHF1RR5FA3XA==",
      "requires": {
        "@fortawesome/fontawesome-common-types": "6.2.0"
      }
    },
    "@fortawesome/vue-fontawesome": {
      "version": "2.0.8",
      "resolved": "https://registry.npmjs.org/@fortawesome/vue-fontawesome/-/vue-fontawesome-2.0.8.tgz",
      "integrity": "sha512-SRmP0q9Ox4zq8ydDR/hrH+23TVU1bdwYVnugLVaAIwklOHbf56gx6JUGlwES7zjuNYqzKgl8e39iYf6ph8qSQw==",
      "requires": {}
    },
    "@vue/compiler-sfc": {
      "version": "2.7.11",
      "resolved": "https://registry.npmjs.org/@vue/compiler-sfc/-/compiler-sfc-2.7.11.tgz",
      "integrity": "sha512-Cf8zvrZWjROgd8yPL8Tc+O3q/Y8ZGM0Y+8blrAvj1RQsVouzUY0oHcx8BA7Hybhb90JRnzeApFrlQGZRUdYpRw==",
      "peer": true,
      "requires": {
        "@babel/parser": "^7.18.4",
        "postcss": "^8.4.14",
        "source-map": "^0.6.1"
      }
    },
    "csstype": {
      "version": "3.1.1",
      "resolved": "https://registry.npmjs.org/csstype/-/csstype-3.1.1.tgz",
      "integrity": "sha512-DJR/VvkAvSZW9bTouZue2sSxDwdTN92uHjqeKVm+0dAqdfNykRzQ95tay8aXMBAAPpUiq4Qcug2L7neoRh2Egw==",
      "peer": true
    },
    "nanoid": {
      "version": "3.3.4",
      "resolved": "https://registry.npmjs.org/nanoid/-/nanoid-3.3.4.tgz",
      "integrity": "sha512-MqBkQh/OHTS2egovRtLk45wEyNXwF+cokD+1YPf9u5VfJiRdAiRwB2froX5Co9Rh20xs4siNPm8naNotSD6RBw==",
      "peer": true
    },
    "picocolors": {
      "version": "1.0.0",
      "resolved": "https://registry.npmjs.org/picocolors/-/picocolors-1.0.0.tgz",
      "integrity": "sha512-1fygroTLlHu66zi26VoTDv8yRgm0Fccecssto+MhsZ0D/DGW2sm8E8AjW7NU5VVTRt5GxbeZ5qBuJr+HyLYkjQ==",
      "peer": true
    },
    "postcss": {
      "version": "8.4.17",
      "resolved": "https://registry.npmjs.org/postcss/-/postcss-8.4.17.tgz",
      "integrity": "sha512-UNxNOLQydcOFi41yHNMcKRZ39NeXlr8AxGuZJsdub8vIb12fHzcq37DTU/QtbI6WLxNg2gF9Z+8qtRwTj1UI1Q==",
      "peer": true,
      "requires": {
        "nanoid": "^3.3.4",
        "picocolors": "^1.0.0",
        "source-map-js": "^1.0.2"
      }
    },
    "source-map": {
      "version": "0.6.1",
      "resolved": "https://registry.npmjs.org/source-map/-/source-map-0.6.1.tgz",
      "integrity": "sha512-UjgapumWlbMhkBgzT7Ykc5YXUT46F0iKu8SGXq0bcwP5dz/h0Plj6enJqjz1Zbq2l5WaqYnrVbwWOWMyF3F47g==",
      "peer": true
    },
    "source-map-js": {
      "version": "1.0.2",
      "resolved": "https://registry.npmjs.org/source-map-js/-/source-map-js-1.0.2.tgz",
      "integrity": "sha512-R0XvVJ9WusLiqTCEiGCmICCMplcCkIwwR11mOSD9CR5u+IXYdiseeEuXCVAjS54zqwkLcPNnmU4OeJ6tUrWhDw==",
      "peer": true
    },
    "vue": {
      "version": "2.7.11",
      "resolved": "https://registry.npmjs.org/vue/-/vue-2.7.11.tgz",
      "integrity": "sha512-VPAW5QelT7Tx6UoSw/cwx/jDROOKAK1y/Q0o7HkmVJ1WAypE7w1+UoFa+KsGxy1aYdHPU1oODB3vR6XwSfVhDg==",
      "peer": true,
      "requires": {
        "@vue/compiler-sfc": "2.7.11",
        "csstype": "^3.1.0"
      }
    }
  }
}
